
Microsoft Visual Studio Solution File, Format Version 12.00
# Visual Studio Version 17
VisualStudioVersion = 17.5.33424.131
MinimumVisualStudioVersion = 10.0.40219.1
Project("{FAE04EC0-301F-11D3-BF4B-00C04F79EFBC}") = "javascript_atm", "javascript_atm\javascript_atm.csproj", "{D4296ABB-D06A-4B3C-8AE0-BB748F2B3F90}"
EndProject
Global
	GlobalSection(SolutionConfigurationPlatforms) = preSolution
		Debug|Any CPU = Debug|Any CPU
		Release|Any CPU = Release|Any CPU
	EndGlobalSection
	GlobalSection(ProjectConfigurationPlatforms) = postSolution
		{D4296ABB-D06A-4B3C-8AE0-BB748F2B3F90}.Debug|Any CPU.ActiveCfg = Debug|Any CPU
		{D4296ABB-D06A-4B3C-8AE0-BB748F2B3F90}.Debug|Any CPU.Build.0 = Debug|Any CPU
		{D4296ABB-D06A-4B3C-8AE0-BB748F2B3F90}.Release|Any CPU.ActiveCfg = Release|Any CPU
		{D4296ABB-D06A-4B3C-8AE0-BB748F2B3F90}.Release|Any CPU.Build.0 = Release|Any CPU
	EndGlobalSection
	GlobalSection(SolutionProperties) = preSolution
		HideSolutionNode = FALSE
	EndGlobalSection
	GlobalSection(ExtensibilityGlobals) = postSolution
		SolutionGuid = {EDAB06DF-FBDE-4DA2-B331-B9E477BBF8C9}
	EndGlobalSection
EndGlobal
